
Microsoft Visual Studio Solution File, Format Version 12.00
# Visual Studio Version 17
VisualStudioVersion = 17.10.35013.160
MinimumVisualStudioVersion = 10.0.40219.1
Project("{FAE04EC0-301F-11D3-BF4B-00C04F79EFBC}") = "AbsaBank", "AbsaBank\AbsaBank.csproj", "{5B9F4A6E-CC98-4E5E-9BDE-5EFD51946188}"
EndProject
Global
	GlobalSection(SolutionConfigurationPlatforms) = preSolution
		Debug|Any CPU = Debug|Any CPU
		Release|Any CPU = Release|Any CPU
	EndGlobalSection
	GlobalSection(ProjectConfigurationPlatforms) = postSolution
		{5B9F4A6E-CC98-4E5E-9BDE-5EFD51946188}.Debug|Any CPU.ActiveCfg = Debug|Any CPU
		{5B9F4A6E-CC98-4E5E-9BDE-5EFD51946188}.Debug|Any CPU.Build.0 = Debug|Any CPU
		{5B9F4A6E-CC98-4E5E-9BDE-5EFD51946188}.Release|Any CPU.ActiveCfg = Release|Any CPU
		{5B9F4A6E-CC98-4E5E-9BDE-5EFD51946188}.Release|Any CPU.Build.0 = Release|Any CPU
	EndGlobalSection
	GlobalSection(SolutionProperties) = preSolution
		HideSolutionNode = FALSE
	EndGlobalSection
	GlobalSection(ExtensibilityGlobals) = postSolution
		SolutionGuid = {B98C80C7-B8D8-4116-983D-F73A37C61E35}
	EndGlobalSection
EndGlobal
